
Microsoft Visual Studio Solution File, Format Version 12.00
# Visual Studio Version 16
VisualStudioVersion = 16.0.31025.194
MinimumVisualStudioVersion = 10.0.40219.1
Project("{FAE04EC0-301F-11D3-BF4B-00C04F79EFBC}") = "Projekt_6", "Projekt_6.csproj", "{441C9CE4-5A3E-4422-8450-054B3CD86E5A}"
EndProject
Global
	GlobalSection(SolutionConfigurationPlatforms) = preSolution
		Debug|Any CPU = Debug|Any CPU
		Release|Any CPU = Release|Any CPU
	EndGlobalSection
	GlobalSection(ProjectConfigurationPlatforms) = postSolution
		{441C9CE4-5A3E-4422-8450-054B3CD86E5A}.Debug|Any CPU.ActiveCfg = Debug|Any CPU
		{441C9CE4-5A3E-4422-8450-054B3CD86E5A}.Debug|Any CPU.Build.0 = Debug|Any CPU
		{441C9CE4-5A3E-4422-8450-054B3CD86E5A}.Release|Any CPU.ActiveCfg = Release|Any CPU
		{441C9CE4-5A3E-4422-8450-054B3CD86E5A}.Release|Any CPU.Build.0 = Release|Any CPU
	EndGlobalSection
	GlobalSection(SolutionProperties) = preSolution
		HideSolutionNode = FALSE
	EndGlobalSection
	GlobalSection(ExtensibilityGlobals) = postSolution
		SolutionGuid = {0CC92BCE-1B48-4E5E-A663-C4A35324C121}
	EndGlobalSection
EndGlobal
